// !$*UTF8*$!
{
	archiveVersion = 1;
	classes = {
	};
	objectVersion = 55;
	objects = {

/* Begin PBXBuildFile section */
		AD48370F28217C6B0091E2E8 /* AppDelegate.swift in Sources */ = {isa = PBXBuildFile; fileRef = AD48370E28217C6B0091E2E8 /* AppDelegate.swift */; };
		AD48371128217C6B0091E2E8 /* SceneDelegate.swift in Sources */ = {isa = PBXBuildFile; fileRef = AD48371028217C6B0091E2E8 /* SceneDelegate.swift */; };
		AD48371328217C6B0091E2E8 /* GridViewController.swift in Sources */ = {isa = PBXBuildFile; fileRef = AD48371228217C6B0091E2E8 /* GridViewController.swift */; };
		AD48371628217C6B0091E2E8 /* Main.storyboard in Resources */ = {isa = PBXBuildFile; fileRef = AD48371428217C6B0091E2E8 /* Main.storyboard */; };
		AD48371828217C6C0091E2E8 /* Assets.xcassets in Resources */ = {isa = PBXBuildFile; fileRef = AD48371728217C6C0091E2E8 /* Assets.xcassets */; };
		AD48371B28217C6C0091E2E8 /* LaunchScreen.storyboard in Resources */ = {isa = PBXBuildFile; fileRef = AD48371928217C6C0091E2E8 /* LaunchScreen.storyboard */; };
		AD48372728217F5D0091E2E8 /* GridCell.swift in Sources */ = {isa = PBXBuildFile; fileRef = AD48372628217F5D0091E2E8 /* GridCell.swift */; };
		AD48372A282180100091E2E8 /* Extension.swift in Sources */ = {isa = PBXBuildFile; fileRef = AD483729282180100091E2E8 /* Extension.swift */; };
		AD48372C282182FD0091E2E8 /* GridViewModel.swift in Sources */ = {isa = PBXBuildFile; fileRef = AD48372B282182FD0091E2E8 /* GridViewModel.swift */; };
		AD48372E28218DA60091E2E8 /* GridModel.swift in Sources */ = {isa = PBXBuildFile; fileRef = AD48372D28218DA60091E2E8 /* GridModel.swift */; };
/* End PBXBuildFile section */

/* Begin PBXFileReference section */
		AD48370B28217C6B0091E2E8 /* iosTestNew.app */ = {isa = PBXFileReference; explicitFileType = wrapper.application; includeInIndex = 0; path = iosTestNew.app; sourceTree = BUILT_PRODUCTS_DIR; };
		AD48370E28217C6B0091E2E8 /* AppDelegate.swift */ = {isa = PBXFileReference; lastKnownFileType = sourcecode.swift; path = AppDelegate.swift; sourceTree = "<group>"; };
		AD48371028217C6B0091E2E8 /* SceneDelegate.swift */ = {isa = PBXFileReference; lastKnownFileType = sourcecode.swift; path = SceneDelegate.swift; sourceTree = "<group>"; };
		AD48371228217C6B0091E2E8 /* GridViewController.swift */ = {isa = PBXFileReference; lastKnownFileType = sourcecode.swift; path = GridViewController.swift; sourceTree = "<group>"; };
		AD48371528217C6B0091E2E8 /* Base */ = {isa = PBXFileReference; lastKnownFileType = file.storyboard; name = Base; path = Base.lproj/Main.storyboard; sourceTree = "<group>"; };
		AD48371728217C6C0091E2E8 /* Assets.xcassets */ = {isa = PBXFileReference; lastKnownFileType = folder.assetcatalog; path = Assets.xcassets; sourceTree = "<group>"; };
		AD48371A28217C6C0091E2E8 /* Base */ = {isa = PBXFileReference; lastKnownFileType = file.storyboard; name = Base; path = Base.lproj/LaunchScreen.storyboard; sourceTree = "<group>"; };
		AD48371C28217C6C0091E2E8 /* Info.plist */ = {isa = PBXFileReference; lastKnownFileType = text.plist.xml; path = Info.plist; sourceTree = "<group>"; };
		AD48372628217F5D0091E2E8 /* GridCell.swift */ = {isa = PBXFileReference; lastKnownFileType = sourcecode.swift; path = GridCell.swift; sourceTree = "<group>"; };
		AD483729282180100091E2E8 /* Extension.swift */ = {isa = PBXFileReference; lastKnownFileType = sourcecode.swift; path = Extension.swift; sourceTree = "<group>"; };
		AD48372B282182FD0091E2E8 /* GridViewModel.swift */ = {isa = PBXFileReference; lastKnownFileType = sourcecode.swift; path = GridViewModel.swift; sourceTree = "<group>"; };
		AD48372D28218DA60091E2E8 /* GridModel.swift */ = {isa = PBXFileReference; lastKnownFileType = sourcecode.swift; path = GridModel.swift; sourceTree = "<group>"; };
/* End PBXFileReference section */

/* Begin PBXFrameworksBuildPhase section */
		AD48370828217C6B0091E2E8 /* Frameworks */ = {
			isa = PBXFrameworksBuildPhase;
			buildActionMask = 2147483647;
			files = (
			);
			runOnlyForDeploymentPostprocessing = 0;
		};
/* End PBXFrameworksBuildPhase section */

/* Begin PBXGroup section */
		AD48370228217C6B0091E2E8 = {
			isa = PBXGroup;
			children = (
				AD48370D28217C6B0091E2E8 /* iosTestNew */,
				AD48370C28217C6B0091E2E8 /* Products */,
			);
			sourceTree = "<group>";
		};
		AD48370C28217C6B0091E2E8 /* Products */ = {
			isa = PBXGroup;
			children = (
				AD48370B28217C6B0091E2E8 /* iosTestNew.app */,
			);
			name = Products;
			sourceTree = "<group>";
		};
		AD48370D28217C6B0091E2E8 /* iosTestNew */ = {
			isa = PBXGroup;
			children = (
				AD48372828217FF60091E2E8 /* Utility */,
				AD48372428217E050091E2E8 /* View */,
				AD48372328217DFC0091E2E8 /* ViewModel */,
				AD48372228217DF70091E2E8 /* Model */,
				AD48370E28217C6B0091E2E8 /* AppDelegate.swift */,
				AD48371028217C6B0091E2E8 /* SceneDelegate.swift */,
				AD48371428217C6B0091E2E8 /* Main.storyboard */,
				AD48371728217C6C0091E2E8 /* Assets.xcassets */,
				AD48371928217C6C0091E2E8 /* LaunchScreen.storyboard */,
				AD48371C28217C6C0091E2E8 /* Info.plist */,
			);
			path = iosTestNew;
			sourceTree = "<group>";
		};
		AD48372228217DF70091E2E8 /* Model */ = {
			isa = PBXGroup;
			children = (
				AD48372D28218DA60091E2E8 /* GridModel.swift */,
			);
			path = Model;
			sourceTree = "<group>";
		};
		AD48372328217DFC0091E2E8 /* ViewModel */ = {
			isa = PBXGroup;
			children = (
				AD48372B282182FD0091E2E8 /* GridViewModel.swift */,
			);
			path = ViewModel;
			sourceTree = "<group>";
		};
		AD48372428217E050091E2E8 /* View */ = {
			isa = PBXGroup;
			children = (
				AD48372528217F4A0091E2E8 /* Cell */,
				AD48371228217C6B0091E2E8 /* GridViewController.swift */,
			);
			path = View;
			sourceTree = "<group>";
		};
		AD48372528217F4A0091E2E8 /* Cell */ = {
			isa = PBXGroup;
			children = (
				AD48372628217F5D0091E2E8 /* GridCell.swift */,
			);
			path = Cell;
			sourceTree = "<group>";
		};
		AD48372828217FF60091E2E8 /* Utility */ = {
			isa = PBXGroup;
			children = (
				AD483729282180100091E2E8 /* Extension.swift */,
			);
			path = Utility;
			sourceTree = "<group>";
		};
/* End PBXGroup section */

/* Begin PBXNativeTarget section */
		AD48370A28217C6B0091E2E8 /* iosTestNew */ = {
			isa = PBXNativeTarget;
			buildConfigurationList = AD48371F28217C6C0091E2E8 /* Build configuration list for PBXNativeTarget "iosTestNew" */;
			buildPhases = (
				AD48370728217C6B0091E2E8 /* Sources */,
				AD48370828217C6B0091E2E8 /* Frameworks */,
				AD48370928217C6B0091E2E8 /* Resources */,
			);
			buildRules = (
			);
			dependencies = (
			);
			name = iosTestNew;
			productName = iosTestNew;
			productReference = AD48370B28217C6B0091E2E8 /* iosTestNew.app */;
			productType = "com.apple.product-type.application";
		};
/* End PBXNativeTarget section */

/* Begin PBXProject section */
		AD48370328217C6B0091E2E8 /* Project object */ = {
			isa = PBXProject;
			attributes = {
				BuildIndependentTargetsInParallel = 1;
				LastSwiftUpdateCheck = 1330;
				LastUpgradeCheck = 1330;
				TargetAttributes = {
					AD48370A28217C6B0091E2E8 = {
						CreatedOnToolsVersion = 13.3.1;
					};
				};
			};
			buildConfigurationList = AD48370628217C6B0091E2E8 /* Build configuration list for PBXProject "iosTestNew" */;
			compatibilityVersion = "Xcode 13.0";
			developmentRegion = en;
			hasScannedForEncodings = 0;
			knownRegions = (
				en,
				Base,
			);
			mainGroup = AD48370228217C6B0091E2E8;
			productRefGroup = AD48370C28217C6B0091E2E8 /* Products */;
			projectDirPath = "";
			projectRoot = "";
			targets = (
				AD48370A28217C6B0091E2E8 /* iosTestNew */,
			);
		};
/* End PBXProject section */

/* Begin PBXResourcesBuildPhase section */
		AD48370928217C6B0091E2E8 /* Resources */ = {
			isa = PBXResourcesBuildPhase;
			buildActionMask = 2147483647;
			files = (
				AD48371B28217C6C0091E2E8 /* LaunchScreen.storyboard in Resources */,
				AD48371828217C6C0091E2E8 /* Assets.xcassets in Resources */,
				AD48371628217C6B0091E2E8 /* Main.storyboard in Resources */,
			);
			runOnlyForDeploymentPostprocessing = 0;
		};
/* End PBXResourcesBuildPhase section */

/* Begin PBXSourcesBuildPhase section */
		AD48370728217C6B0091E2E8 /* Sources */ = {
			isa = PBXSourcesBuildPhase;
			buildActionMask = 2147483647;
			files = (
				AD48372C282182FD0091E2E8 /* GridViewModel.swift in Sources */,
				AD48372E28218DA60091E2E8 /* GridModel.swift in Sources */,
				AD48372A282180100091E2E8 /* Extension.swift in Sources */,
				AD48371328217C6B0091E2E8 /* GridViewController.swift in Sources */,
				AD48370F28217C6B0091E2E8 /* AppDelegate.swift in Sources */,
				AD48371128217C6B0091E2E8 /* SceneDelegate.swift in Sources */,
				AD48372728217F5D0091E2E8 /* GridCell.swift in Sources */,
			);
			runOnlyForDeploymentPostprocessing = 0;
		};
/* End PBXSourcesBuildPhase section */

/* Begin PBXVariantGroup section */
		AD48371428217C6B0091E2E8 /* Main.storyboard */ = {
			isa = PBXVariantGroup;
			children = (
				AD48371528217C6B0091E2E8 /* Base */,
			);
			name = Main.storyboard;
			sourceTree = "<group>";
		};
		AD48371928217C6C0091E2E8 /* LaunchScreen.storyboard */ = {
			isa = PBXVariantGroup;
			children = (
				AD48371A28217C6C0091E2E8 /* Base */,
			);
			name = LaunchScreen.storyboard;
			sourceTree = "<group>";
		};
/* End PBXVariantGroup section */

/* Begin XCBuildConfiguration section */
		AD48371D28217C6C0091E2E8 /* Debug */ = {
			isa = XCBuildConfiguration;
			buildSettings = {
				ALWAYS_SEARCH_USER_PATHS = NO;
				CLANG_ANALYZER_NONNULL = YES;
				CLANG_ANALYZER_NUMBER_OBJECT_CONVERSION = YES_AGGRESSIVE;
				CLANG_CXX_LANGUAGE_STANDARD = "gnu++17";
				CLANG_ENABLE_MODULES = YES;
				CLANG_ENABLE_OBJC_ARC = YES;
				CLANG_ENABLE_OBJC_WEAK = YES;
				CLANG_WARN_BLOCK_CAPTURE_AUTORELEASING = YES;
				CLANG_WARN_BOOL_CONVERSION = YES;
				CLANG_WARN_COMMA = YES;
				CLANG_WARN_CONSTANT_CONVERSION = YES;
				CLANG_WARN_DEPRECATED_OBJC_IMPLEMENTATIONS = YES;
				CLANG_WARN_DIRECT_OBJC_ISA_USAGE = YES_ERROR;
				CLANG_WARN_DOCUMENTATION_COMMENTS = YES;
				CLANG_WARN_EMPTY_BODY = YES;
				CLANG_WARN_ENUM_CONVERSION = YES;
				CLANG_WARN_INFINITE_RECURSION = YES;
				CLANG_WARN_INT_CONVERSION = YES;
				CLANG_WARN_NON_LITERAL_NULL_CONVERSION = YES;
				CLANG_WARN_OBJC_IMPLICIT_RETAIN_SELF = YES;
				CLANG_WARN_OBJC_LITERAL_CONVERSION = YES;
				CLANG_WARN_OBJC_ROOT_CLASS = YES_ERROR;
				CLANG_WARN_QUOTED_INCLUDE_IN_FRAMEWORK_HEADER = YES;
				CLANG_WARN_RANGE_LOOP_ANALYSIS = YES;
				CLANG_WARN_STRICT_PROTOTYPES = YES;
				CLANG_WARN_SUSPICIOUS_MOVE = YES;
				CLANG_WARN_UNGUARDED_AVAILABILITY = YES_AGGRESSIVE;
				CLANG_WARN_UNREACHABLE_CODE = YES;
				CLANG_WARN__DUPLICATE_METHOD_MATCH = YES;
				COPY_PHASE_STRIP = NO;
				DEBUG_INFORMATION_FORMAT = dwarf;
				ENABLE_STRICT_OBJC_MSGSEND = YES;
				ENABLE_TESTABILITY = YES;
				GCC_C_LANGUAGE_STANDARD = gnu11;
				GCC_DYNAMIC_NO_PIC = NO;
				GCC_NO_COMMON_BLOCKS = YES;
				GCC_OPTIMIZATION_LEVEL = 0;
				GCC_PREPROCESSOR_DEFINITIONS = (
					"DEBUG=1",
					"$(inherited)",
				);
				GCC_WARN_64_TO_32_BIT_CONVERSION = YES;
				GCC_WARN_ABOUT_RETURN_TYPE = YES_ERROR;
				GCC_WARN_UNDECLARED_SELECTOR = YES;
				GCC_WARN_UNINITIALIZED_AUTOS = YES_AGGRESSIVE;
				GCC_WARN_UNUSED_FUNCTION = YES;
				GCC_WARN_UNUSED_VARIABLE = YES;
				IPHONEOS_DEPLOYMENT_TARGET = 15.4;
				MTL_ENABLE_DEBUG_INFO = INCLUDE_SOURCE;
				MTL_FAST_MATH = YES;
				ONLY_ACTIVE_ARCH = YES;
				SDKROOT = iphoneos;
				SWIFT_ACTIVE_COMPILATION_CONDITIONS = DEBUG;
				SWIFT_OPTIMIZATION_LEVEL = "-Onone";
			};
			name = Debug;
		};
		AD48371E28217C6C0091E2E8 /* Release */ = {
			isa = XCBuildConfiguration;
			buildSettings = {
				ALWAYS_SEARCH_USER_PATHS = NO;
				CLANG_ANALYZER_NONNULL = YES;
				CLANG_ANALYZER_NUMBER_OBJECT_CONVERSION = YES_AGGRESSIVE;
				CLANG_CXX_LANGUAGE_STANDARD = "gnu++17";
				CLANG_ENABLE_MODULES = YES;
				CLANG_ENABLE_OBJC_ARC = YES;
				CLANG_ENABLE_OBJC_WEAK = YES;
				CLANG_WARN_BLOCK_CAPTURE_AUTORELEASING = YES;
				CLANG_WARN_BOOL_CONVERSION = YES;
				CLANG_WARN_COMMA = YES;
				CLANG_WARN_CONSTANT_CONVERSION = YES;
				CLANG_WARN_DEPRECATED_OBJC_IMPLEMENTATIONS = YES;
				CLANG_WARN_DIRECT_OBJC_ISA_USAGE = YES_ERROR;
				CLANG_WARN_DOCUMENTATION_COMMENTS = YES;
				CLANG_WARN_EMPTY_BODY = YES;
				CLANG_WARN_ENUM_CONVERSION = YES;
				CLANG_WARN_INFINITE_RECURSION = YES;
				CLANG_WARN_INT_CONVERSION = YES;
				CLANG_WARN_NON_LITERAL_NULL_CONVERSION = YES;
				CLANG_WARN_OBJC_IMPLICIT_RETAIN_SELF = YES;
				CLANG_WARN_OBJC_LITERAL_CONVERSION = YES;
				CLANG_WARN_OBJC_ROOT_CLASS = YES_ERROR;
				CLANG_WARN_QUOTED_INCLUDE_IN_FRAMEWORK_HEADER = YES;
				CLANG_WARN_RANGE_LOOP_ANALYSIS = YES;
				CLANG_WARN_STRICT_PROTOTYPES = YES;
				CLANG_WARN_SUSPICIOUS_MOVE = YES;
				CLANG_WARN_UNGUARDED_AVAILABILITY = YES_AGGRESSIVE;
				CLANG_WARN_UNREACHABLE_CODE = YES;
				CLANG_WARN__DUPLICATE_METHOD_MATCH = YES;
				COPY_PHASE_STRIP = NO;
				DEBUG_INFORMATION_FORMAT = "dwarf-with-dsym";
				ENABLE_NS_ASSERTIONS = NO;
				ENABLE_STRICT_OBJC_MSGSEND = YES;
				GCC_C_LANGUAGE_STANDARD = gnu11;
				GCC_NO_COMMON_BLOCKS = YES;
				GCC_WARN_64_TO_32_BIT_CONVERSION = YES;
				GCC_WARN_ABOUT_RETURN_TYPE = YES_ERROR;
				GCC_WARN_UNDECLARED_SELECTOR = YES;
				GCC_WARN_UNINITIALIZED_AUTOS = YES_AGGRESSIVE;
				GCC_WARN_UNUSED_FUNCTION = YES;
				GCC_WARN_UNUSED_VARIABLE = YES;
				IPHONEOS_DEPLOYMENT_TARGET = 15.4;
				MTL_ENABLE_DEBUG_INFO = NO;
				MTL_FAST_MATH = YES;
				SDKROOT = iphoneos;
				SWIFT_COMPILATION_MODE = wholemodule;
				SWIFT_OPTIMIZATION_LEVEL = "-O";
				VALIDATE_PRODUCT = YES;
			};
			name = Release;
		};
		AD48372028217C6C0091E2E8 /* Debug */ = {
			isa = XCBuildConfiguration;
			buildSettings = {
				ASSETCATALOG_COMPILER_APPICON_NAME = AppIcon;
				ASSETCATALOG_COMPILER_GLOBAL_ACCENT_COLOR_NAME = AccentColor;
				CODE_SIGN_STYLE = Automatic;
				CURRENT_PROJECT_VERSION = 1;
				DEVELOPMENT_TEAM = SZJCT3694N;
				GENERATE_INFOPLIST_FILE = YES;
				INFOPLIST_FILE = iosTestNew/Info.plist;
				INFOPLIST_KEY_UIApplicationSupportsIndirectInputEvents = YES;
				INFOPLIST_KEY_UILaunchStoryboardName = LaunchScreen;
				INFOPLIST_KEY_UIMainStoryboardFile = Main;
				INFOPLIST_KEY_UISupportedInterfaceOrientations_iPad = "UIInterfaceOrientationPortrait UIInterfaceOrientationPortraitUpsideDown UIInterfaceOrientationLandscapeLeft UIInterfaceOrientationLandscapeRight";
				INFOPLIST_KEY_UISupportedInterfaceOrientations_iPhone = "UIInterfaceOrientationPortrait UIInterfaceOrientationLandscapeLeft UIInterfaceOrientationLandscapeRight";
				IPHONEOS_DEPLOYMENT_TARGET = 15.0;
				LD_RUNPATH_SEARCH_PATHS = (
					"$(inherited)",
					"@executable_path/Frameworks",
				);
				MARKETING_VERSION = 1.0;
				PRODUCT_BUNDLE_IDENTIFIER = com.test.iosTestNew;
				PRODUCT_NAME = "$(TARGET_NAME)";
				SWIFT_EMIT_LOC_STRINGS = YES;
				SWIFT_VERSION = 5.0;
				TARGETED_DEVICE_FAMILY = "1,2";
			};
			name = Debug;
		};
		AD48372128217C6C0091E2E8 /* Release */ = {
			isa = XCBuildConfiguration;
			buildSettings = {
				ASSETCATALOG_COMPILER_APPICON_NAME = AppIcon;
				ASSETCATALOG_COMPILER_GLOBAL_ACCENT_COLOR_NAME = AccentColor;
				CODE_SIGN_STYLE = Automatic;
				CURRENT_PROJECT_VERSION = 1;
				DEVELOPMENT_TEAM = SZJCT3694N;
				GENERATE_INFOPLIST_FILE = YES;
				INFOPLIST_FILE = iosTestNew/Info.plist;
				INFOPLIST_KEY_UIApplicationSupportsIndirectInputEvents = YES;
				INFOPLIST_KEY_UILaunchStoryboardName = LaunchScreen;
				INFOPLIST_KEY_UIMainStoryboardFile = Main;
				INFOPLIST_KEY_UISupportedInterfaceOrientations_iPad = "UIInterfaceOrientationPortrait UIInterfaceOrientationPortraitUpsideDown UIInterfaceOrientationLandscapeLeft UIInterfaceOrientationLandscapeRight";
				INFOPLIST_KEY_UISupportedInterfaceOrientations_iPhone = "UIInterfaceOrientationPortrait UIInterfaceOrientationLandscapeLeft UIInterfaceOrientationLandscapeRight";
				IPHONEOS_DEPLOYMENT_TARGET = 15.0;
				LD_RUNPATH_SEARCH_PATHS = (
					"$(inherited)",
					"@executable_path/Frameworks",
				);
				MARKETING_VERSION = 1.0;
				PRODUCT_BUNDLE_IDENTIFIER = com.test.iosTestNew;
				PRODUCT_NAME = "$(TARGET_NAME)";
				SWIFT_EMIT_LOC_STRINGS = YES;
				SWIFT_VERSION = 5.0;
				TARGETED_DEVICE_FAMILY = "1,2";
			};
			name = Release;
		};
/* End XCBuildConfiguration section */

/* Begin XCConfigurationList section */
		AD48370628217C6B0091E2E8 /* Build configuration list for PBXProject "iosTestNew" */ = {
			isa = XCConfigurationList;
			buildConfigurations = (
				AD48371D28217C6C0091E2E8 /* Debug */,
				AD48371E28217C6C0091E2E8 /* Release */,
			);
			defaultConfigurationIsVisible = 0;
			defaultConfigurationName = Release;
		};
		AD48371F28217C6C0091E2E8 /* Build configuration list for PBXNativeTarget "iosTestNew" */ = {
			isa = XCConfigurationList;
			buildConfigurations = (
				AD48372028217C6C0091E2E8 /* Debug */,
				AD48372128217C6C0091E2E8 /* Release */,
			);
			defaultConfigurationIsVisible = 0;
			defaultConfigurationName = Release;
		};
/* End XCConfigurationList section */
	};
	rootObject = AD48370328217C6B0091E2E8 /* Project object */;
}
